PODS:
  - IGTidy (0.1.0)
  - Kiwi/ARC (2.2.4)
  - Kiwi/NonARC (2.2.4)
  - Kiwi/XCTest (2.2.4):
    - Kiwi/ARC
    - Kiwi/NonARC

DEPENDENCIES:
  - IGTidy (from `../IGTidy.podspec`)
  - Kiwi/XCTest

EXTERNAL SOURCES:
  IGTidy:
    :path: ../IGTidy.podspec

SPEC CHECKSUMS:
  IGTidy: 41b9e063ae181d819a4513bb558209e191144af4
  Kiwi: d60d7498b640a16f58b01925fc3c8d7c4d809f66

COCOAPODS: 0.31.1
