// !$*UTF8*$!
{
	archiveVersion = 1;
	classes = {
	};
	objectVersion = 46;
	objects = {

/* Begin PBXBuildFile section */
		543F1E9418EAD6C800B4D0DB /* Foundation.framework in Frameworks */ = {isa = PBXBuildFile; fileRef = 543F1E9318EAD6C800B4D0DB /* Foundation.framework */; };
		543F1E9618EAD6C800B4D0DB /* CoreGraphics.framework in Frameworks */ = {isa = PBXBuildFile; fileRef = 543F1E9518EAD6C800B4D0DB /* CoreGraphics.framework */; };
		543F1E9818EAD6C800B4D0DB /* UIKit.framework in Frameworks */ = {isa = PBXBuildFile; fileRef = 543F1E9718EAD6C800B4D0DB /* UIKit.framework */; };
		543F1E9E18EAD6C800B4D0DB /* InfoPlist.strings in Resources */ = {isa = PBXBuildFile; fileRef = 543F1E9C18EAD6C800B4D0DB /* InfoPlist.strings */; };
		543F1EA018EAD6C800B4D0DB /* main.m in Sources */ = {isa = PBXBuildFile; fileRef = 543F1E9F18EAD6C800B4D0DB /* main.m */; };
		543F1EA418EAD6C800B4D0DB /* IGAppDelegate.m in Sources */ = {isa = PBXBuildFile; fileRef = 543F1EA318EAD6C800B4D0DB /* IGAppDelegate.m */; };
		543F1EA718EAD6C800B4D0DB /* Main_iPhone.storyboard in Resources */ = {isa = PBXBuildFile; fileRef = 543F1EA518EAD6C800B4D0DB /* Main_iPhone.storyboard */; };
		543F1EAA18EAD6C800B4D0DB /* Main_iPad.storyboard in Resources */ = {isa = PBXBuildFile; fileRef = 543F1EA818EAD6C800B4D0DB /* Main_iPad.storyboard */; };
		543F1EAD18EAD6C800B4D0DB /* IGViewController.m in Sources */ = {isa = PBXBuildFile; fileRef = 543F1EAC18EAD6C800B4D0DB /* IGViewController.m */; };
		543F1EAF18EAD6C800B4D0DB /* Images.xcassets in Resources */ = {isa = PBXBuildFile; fileRef = 543F1EAE18EAD6C800B4D0DB /* Images.xcassets */; };
		543F1EB618EAD6C800B4D0DB /* XCTest.framework in Frameworks */ = {isa = PBXBuildFile; fileRef = 543F1EB518EAD6C800B4D0DB /* XCTest.framework */; };
		543F1EB718EAD6C800B4D0DB /* Foundation.framework in Frameworks */ = {isa = PBXBuildFile; fileRef = 543F1E9318EAD6C800B4D0DB /* Foundation.framework */; };
		543F1EB818EAD6C800B4D0DB /* UIKit.framework in Frameworks */ = {isa = PBXBuildFile; fileRef = 543F1E9718EAD6C800B4D0DB /* UIKit.framework */; };
		543F1EC018EAD6C800B4D0DB /* InfoPlist.strings in Resources */ = {isa = PBXBuildFile; fileRef = 543F1EBE18EAD6C800B4D0DB /* InfoPlist.strings */; };
		543F1F2418EAE86B00B4D0DB /* IGTidySpec.m in Sources */ = {isa = PBXBuildFile; fileRef = 543F1F2318EAE86B00B4D0DB /* IGTidySpec.m */; };
		5466EEE618EBB722005017BC /* mashable.html in Resources */ = {isa = PBXBuildFile; fileRef = 5466EEE518EBB722005017BC /* mashable.html */; };
		B4B3FE4AF4624B6087458ED1 /* libPods-IGTidyTests.a in Frameworks */ = {isa = PBXBuildFile; fileRef = B86A4DA734B249008A4AA136 /* libPods-IGTidyTests.a */; };
		E90C6A8AD3074F07B540082C /* libPods.a in Frameworks */ = {isa = PBXBuildFile; fileRef = ECD6F3198C274834B8221E68 /* libPods.a */; };
/* End PBXBuildFile section */

/* Begin PBXContainerItemProxy section */
		543F1EB918EAD6C800B4D0DB /* PBXContainerItemProxy */ = {
			isa = PBXContainerItemProxy;
			containerPortal = 543F1E8818EAD6C800B4D0DB /* Project object */;
			proxyType = 1;
			remoteGlobalIDString = 543F1E8F18EAD6C800B4D0DB;
			remoteInfo = IGTidy;
		};
/* End PBXContainerItemProxy section */

/* Begin PBXFileReference section */
		543F1E9018EAD6C800B4D0DB /* IGTidy.app */ = {isa = PBXFileReference; explicitFileType = wrapper.application; includeInIndex = 0; path = IGTidy.app; sourceTree = BUILT_PRODUCTS_DIR; };
		543F1E9318EAD6C800B4D0DB /* Foundation.framework */ = {isa = PBXFileReference; lastKnownFileType = wrapper.framework; name = Foundation.framework; path = System/Library/Frameworks/Foundation.framework; sourceTree = SDKROOT; };
		543F1E9518EAD6C800B4D0DB /* CoreGraphics.framework */ = {isa = PBXFileReference; lastKnownFileType = wrapper.framework; name = CoreGraphics.framework; path = System/Library/Frameworks/CoreGraphics.framework; sourceTree = SDKROOT; };
		543F1E9718EAD6C800B4D0DB /* UIKit.framework */ = {isa = PBXFileReference; lastKnownFileType = wrapper.framework; name = UIKit.framework; path = System/Library/Frameworks/UIKit.framework; sourceTree = SDKROOT; };
		543F1E9B18EAD6C800B4D0DB /* IGTidy-Info.plist */ = {isa = PBXFileReference; lastKnownFileType = text.plist.xml; path = "IGTidy-Info.plist"; sourceTree = "<group>"; };
		543F1E9D18EAD6C800B4D0DB /* en */ = {isa = PBXFileReference; lastKnownFileType = text.plist.strings; name = en; path = en.lproj/InfoPlist.strings; sourceTree = "<group>"; };
		543F1E9F18EAD6C800B4D0DB /* main.m */ = {isa = PBXFileReference; lastKnownFileType = sourcecode.c.objc; path = main.m; sourceTree = "<group>"; };
		543F1EA118EAD6C800B4D0DB /* IGTidy-Prefix.pch */ = {isa = PBXFileReference; lastKnownFileType = sourcecode.c.h; path = "IGTidy-Prefix.pch"; sourceTree = "<group>"; };
		543F1EA218EAD6C800B4D0DB /* IGAppDelegate.h */ = {isa = PBXFileReference; lastKnownFileType = sourcecode.c.h; path = IGAppDelegate.h; sourceTree = "<group>"; };
		543F1EA318EAD6C800B4D0DB /* IGAppDelegate.m */ = {isa = PBXFileReference; lastKnownFileType = sourcecode.c.objc; path = IGAppDelegate.m; sourceTree = "<group>"; };
		543F1EA618EAD6C800B4D0DB /* Base */ = {isa = PBXFileReference; lastKnownFileType = file.storyboard; name = Base; path = Base.lproj/Main_iPhone.storyboard; sourceTree = "<group>"; };
		543F1EA918EAD6C800B4D0DB /* Base */ = {isa = PBXFileReference; lastKnownFileType = file.storyboard; name = Base; path = Base.lproj/Main_iPad.storyboard; sourceTree = "<group>"; };
		543F1EAB18EAD6C800B4D0DB /* IGViewController.h */ = {isa = PBXFileReference; lastKnownFileType = sourcecode.c.h; path = IGViewController.h; sourceTree = "<group>"; };
		543F1EAC18EAD6C800B4D0DB /* IGViewController.m */ = {isa = PBXFileReference; lastKnownFileType = sourcecode.c.objc; path = IGViewController.m; sourceTree = "<group>"; };
		543F1EAE18EAD6C800B4D0DB /* Images.xcassets */ = {isa = PBXFileReference; lastKnownFileType = folder.assetcatalog; path = Images.xcassets; sourceTree = "<group>"; };
		543F1EB418EAD6C800B4D0DB /* IGTidyTests.xctest */ = {isa = PBXFileReference; explicitFileType = wrapper.cfbundle; includeInIndex = 0; path = IGTidyTests.xctest; sourceTree = BUILT_PRODUCTS_DIR; };
		543F1EB518EAD6C800B4D0DB /* XCTest.framework */ = {isa = PBXFileReference; lastKnownFileType = wrapper.framework; name = XCTest.framework; path = Library/Frameworks/XCTest.framework; sourceTree = DEVELOPER_DIR; };
		543F1EBD18EAD6C800B4D0DB /* IGTidyTests-Info.plist */ = {isa = PBXFileReference; lastKnownFileType = text.plist.xml; path = "IGTidyTests-Info.plist"; sourceTree = "<group>"; };
		543F1EBF18EAD6C800B4D0DB /* en */ = {isa = PBXFileReference; lastKnownFileType = text.plist.strings; name = en; path = en.lproj/InfoPlist.strings; sourceTree = "<group>"; };
		543F1F2018EAD71100B4D0DB /* IGTidy.h */ = {isa = PBXFileReference; fileEncoding = 4; lastKnownFileType = sourcecode.c.h; name = IGTidy.h; path = ../../Classes/IGTidy.h; sourceTree = "<group>"; };
		543F1F2118EAD71100B4D0DB /* IGTidy.m */ = {isa = PBXFileReference; fileEncoding = 4; lastKnownFileType = sourcecode.c.objc; name = IGTidy.m; path = ../../Classes/IGTidy.m; sourceTree = "<group>"; };
		543F1F2318EAE86B00B4D0DB /* IGTidySpec.m */ = {isa = PBXFileReference; fileEncoding = 4; lastKnownFileType = sourcecode.c.objc; path = IGTidySpec.m; sourceTree = "<group>"; };
		5466EEE518EBB722005017BC /* mashable.html */ = {isa = PBXFileReference; fileEncoding = 4; lastKnownFileType = text.html; path = mashable.html; sourceTree = "<group>"; };
		8AB97A3DB0FB493E8D24020B /* Pods.xcconfig */ = {isa = PBXFileReference; includeInIndex = 1; lastKnownFileType = text.xcconfig; name = Pods.xcconfig; path = Pods/Pods.xcconfig; sourceTree = "<group>"; };
		B86A4DA734B249008A4AA136 /* libPods-IGTidyTests.a */ = {isa = PBXFileReference; explicitFileType = archive.ar; includeInIndex = 0; path = "libPods-IGTidyTests.a"; sourceTree = BUILT_PRODUCTS_DIR; };
		ECD6F3198C274834B8221E68 /* libPods.a */ = {isa = PBXFileReference; explicitFileType = archive.ar; includeInIndex = 0; path = libPods.a; sourceTree = BUILT_PRODUCTS_DIR; };
		EF70AE6B90F341208F1A63A5 /* Pods-IGTidyTests.xcconfig */ = {isa = PBXFileReference; includeInIndex = 1; lastKnownFileType = text.xcconfig; name = "Pods-IGTidyTests.xcconfig"; path = "Pods/Pods-IGTidyTests.xcconfig"; sourceTree = "<group>"; };
/* End PBXFileReference section */

/* Begin PBXFrameworksBuildPhase section */
		543F1E8D18EAD6C800B4D0DB /* Frameworks */ = {
			isa = PBXFrameworksBuildPhase;
			buildActionMask = 2147483647;
			files = (
				543F1E9618EAD6C800B4D0DB /* CoreGraphics.framework in Frameworks */,
				543F1E9818EAD6C800B4D0DB /* UIKit.framework in Frameworks */,
				543F1E9418EAD6C800B4D0DB /* Foundation.framework in Frameworks */,
				E90C6A8AD3074F07B540082C /* libPods.a in Frameworks */,
			);
			runOnlyForDeploymentPostprocessing = 0;
		};
		543F1EB118EAD6C800B4D0DB /* Frameworks */ = {
			isa = PBXFrameworksBuildPhase;
			buildActionMask = 2147483647;
			files = (
				543F1EB618EAD6C800B4D0DB /* XCTest.framework in Frameworks */,
				543F1EB818EAD6C800B4D0DB /* UIKit.framework in Frameworks */,
				543F1EB718EAD6C800B4D0DB /* Foundation.framework in Frameworks */,
				B4B3FE4AF4624B6087458ED1 /* libPods-IGTidyTests.a in Frameworks */,
			);
			runOnlyForDeploymentPostprocessing = 0;
		};
/* End PBXFrameworksBuildPhase section */

/* Begin PBXGroup section */
		543F1E8718EAD6C800B4D0DB = {
			isa = PBXGroup;
			children = (
				543F1E9918EAD6C800B4D0DB /* IGTidy */,
				543F1EBB18EAD6C800B4D0DB /* IGTidyTests */,
				543F1E9218EAD6C800B4D0DB /* Frameworks */,
				543F1E9118EAD6C800B4D0DB /* Products */,
				8AB97A3DB0FB493E8D24020B /* Pods.xcconfig */,
				EF70AE6B90F341208F1A63A5 /* Pods-IGTidyTests.xcconfig */,
			);
			sourceTree = "<group>";
		};
		543F1E9118EAD6C800B4D0DB /* Products */ = {
			isa = PBXGroup;
			children = (
				543F1E9018EAD6C800B4D0DB /* IGTidy.app */,
				543F1EB418EAD6C800B4D0DB /* IGTidyTests.xctest */,
			);
			name = Products;
			sourceTree = "<group>";
		};
		543F1E9218EAD6C800B4D0DB /* Frameworks */ = {
			isa = PBXGroup;
			children = (
				543F1E9318EAD6C800B4D0DB /* Foundation.framework */,
				543F1E9518EAD6C800B4D0DB /* CoreGraphics.framework */,
				543F1E9718EAD6C800B4D0DB /* UIKit.framework */,
				543F1EB518EAD6C800B4D0DB /* XCTest.framework */,
				ECD6F3198C274834B8221E68 /* libPods.a */,
				B86A4DA734B249008A4AA136 /* libPods-IGTidyTests.a */,
			);
			name = Frameworks;
			sourceTree = "<group>";
		};
		543F1E9918EAD6C800B4D0DB /* IGTidy */ = {
			isa = PBXGroup;
			children = (
				543F1F1F18EAD6FC00B4D0DB /* Classes */,
				543F1EA218EAD6C800B4D0DB /* IGAppDelegate.h */,
				543F1EA318EAD6C800B4D0DB /* IGAppDelegate.m */,
				543F1EA518EAD6C800B4D0DB /* Main_iPhone.storyboard */,
				543F1EA818EAD6C800B4D0DB /* Main_iPad.storyboard */,
				543F1EAB18EAD6C800B4D0DB /* IGViewController.h */,
				543F1EAC18EAD6C800B4D0DB /* IGViewController.m */,
				543F1EAE18EAD6C800B4D0DB /* Images.xcassets */,
				543F1E9A18EAD6C800B4D0DB /* Supporting Files */,
			);
			path = IGTidy;
			sourceTree = "<group>";
		};
		543F1E9A18EAD6C800B4D0DB /* Supporting Files */ = {
			isa = PBXGroup;
			children = (
				543F1E9B18EAD6C800B4D0DB /* IGTidy-Info.plist */,
				543F1E9C18EAD6C800B4D0DB /* InfoPlist.strings */,
				543F1E9F18EAD6C800B4D0DB /* main.m */,
				543F1EA118EAD6C800B4D0DB /* IGTidy-Prefix.pch */,
			);
			name = "Supporting Files";
			sourceTree = "<group>";
		};
		543F1EBB18EAD6C800B4D0DB /* IGTidyTests */ = {
			isa = PBXGroup;
			children = (
				5466EEE218EBB585005017BC /* Fixtures */,
				543F1EBC18EAD6C800B4D0DB /* Supporting Files */,
				543F1F2318EAE86B00B4D0DB /* IGTidySpec.m */,
			);
			path = IGTidyTests;
			sourceTree = "<group>";
		};
		543F1EBC18EAD6C800B4D0DB /* Supporting Files */ = {
			isa = PBXGroup;
			children = (
				543F1EBD18EAD6C800B4D0DB /* IGTidyTests-Info.plist */,
				543F1EBE18EAD6C800B4D0DB /* InfoPlist.strings */,
			);
			name = "Supporting Files";
			sourceTree = "<group>";
		};
		543F1F1F18EAD6FC00B4D0DB /* Classes */ = {
			isa = PBXGroup;
			children = (
				543F1F2018EAD71100B4D0DB /* IGTidy.h */,
				543F1F2118EAD71100B4D0DB /* IGTidy.m */,
			);
			name = Classes;
			sourceTree = "<group>";
		};
		5466EEE218EBB585005017BC /* Fixtures */ = {
			isa = PBXGroup;
			children = (
				5466EEE518EBB722005017BC /* mashable.html */,
			);
			path = Fixtures;
			sourceTree = "<group>";
		};
/* End PBXGroup section */

/* Begin PBXNativeTarget section */
		543F1E8F18EAD6C800B4D0DB /* IGTidy */ = {
			isa = PBXNativeTarget;
			buildConfigurationList = 543F1EC518EAD6C800B4D0DB /* Build configuration list for PBXNativeTarget "IGTidy" */;
			buildPhases = (
				3F8F9F6C51EC44CCBCB5EE05 /* Check Pods Manifest.lock */,
				543F1E8C18EAD6C800B4D0DB /* Sources */,
				543F1E8D18EAD6C800B4D0DB /* Frameworks */,
				543F1E8E18EAD6C800B4D0DB /* Resources */,
				1507575E7D0B4E42A31E5A09 /* Copy Pods Resources */,
			);
			buildRules = (
			);
			dependencies = (
			);
			name = IGTidy;
			productName = IGTidy;
			productReference = 543F1E9018EAD6C800B4D0DB /* IGTidy.app */;
			productType = "com.apple.product-type.application";
		};
		543F1EB318EAD6C800B4D0DB /* IGTidyTests */ = {
			isa = PBXNativeTarget;
			buildConfigurationList = 543F1EC818EAD6C800B4D0DB /* Build configuration list for PBXNativeTarget "IGTidyTests" */;
			buildPhases = (
				A98928A20849412EBC44158F /* Check Pods Manifest.lock */,
				543F1EB018EAD6C800B4D0DB /* Sources */,
				543F1EB118EAD6C800B4D0DB /* Frameworks */,
				543F1EB218EAD6C800B4D0DB /* Resources */,
				0B273614B26D4B578FCE0BAD /* Copy Pods Resources */,
			);
			buildRules = (
			);
			dependencies = (
				543F1EBA18EAD6C800B4D0DB /* PBXTargetDependency */,
			);
			name = IGTidyTests;
			productName = IGTidyTests;
			productReference = 543F1EB418EAD6C800B4D0DB /* IGTidyTests.xctest */;
			productType = "com.apple.product-type.bundle.unit-test";
		};
/* End PBXNativeTarget section */

/* Begin PBXProject section */
		543F1E8818EAD6C800B4D0DB /* Project object */ = {
			isa = PBXProject;
			attributes = {
				CLASSPREFIX = IG;
				LastUpgradeCheck = 0500;
				ORGANIZATIONNAME = "Ignition Soft";
				TargetAttributes = {
					543F1EB318EAD6C800B4D0DB = {
						TestTargetID = 543F1E8F18EAD6C800B4D0DB;
					};
				};
			};
			buildConfigurationList = 543F1E8B18EAD6C800B4D0DB /* Build configuration list for PBXProject "IGTidy" */;
			compatibilityVersion = "Xcode 3.2";
			developmentRegion = English;
			hasScannedForEncodings = 0;
			knownRegions = (
				en,
				Base,
			);
			mainGroup = 543F1E8718EAD6C800B4D0DB;
			productRefGroup = 543F1E9118EAD6C800B4D0DB /* Products */;
			projectDirPath = "";
			projectRoot = "";
			targets = (
				543F1E8F18EAD6C800B4D0DB /* IGTidy */,
				543F1EB318EAD6C800B4D0DB /* IGTidyTests */,
			);
		};
/* End PBXProject section */

/* Begin PBXResourcesBuildPhase section */
		543F1E8E18EAD6C800B4D0DB /* Resources */ = {
			isa = PBXResourcesBuildPhase;
			buildActionMask = 2147483647;
			files = (
				543F1EAA18EAD6C800B4D0DB /* Main_iPad.storyboard in Resources */,
				543F1EAF18EAD6C800B4D0DB /* Images.xcassets in Resources */,
				543F1EA718EAD6C800B4D0DB /* Main_iPhone.storyboard in Resources */,
				543F1E9E18EAD6C800B4D0DB /* InfoPlist.strings in Resources */,
			);
			runOnlyForDeploymentPostprocessing = 0;
		};
		543F1EB218EAD6C800B4D0DB /* Resources */ = {
			isa = PBXResourcesBuildPhase;
			buildActionMask = 2147483647;
			files = (
				543F1EC018EAD6C800B4D0DB /* InfoPlist.strings in Resources */,
				5466EEE618EBB722005017BC /* mashable.html in Resources */,
			);
			runOnlyForDeploymentPostprocessing = 0;
		};
/* End PBXResourcesBuildPhase section */

/* Begin PBXShellScriptBuildPhase section */
		0B273614B26D4B578FCE0BAD /* Copy Pods Resources */ = {
			isa = PBXShellScriptBuildPhase;
			buildActionMask = 2147483647;
			files = (
			);
			inputPaths = (
			);
			name = "Copy Pods Resources";
			outputPaths = (
			);
			runOnlyForDeploymentPostprocessing = 0;
			shellPath = /bin/sh;
			shellScript = "\"${SRCROOT}/Pods/Pods-IGTidyTests-resources.sh\"\n";
			showEnvVarsInLog = 0;
		};
		1507575E7D0B4E42A31E5A09 /* Copy Pods Resources */ = {
			isa = PBXShellScriptBuildPhase;
			buildActionMask = 2147483647;
			files = (
			);
			inputPaths = (
			);
			name = "Copy Pods Resources";
			outputPaths = (
			);
			runOnlyForDeploymentPostprocessing = 0;
			shellPath = /bin/sh;
			shellScript = "\"${SRCROOT}/Pods/Pods-resources.sh\"\n";
			showEnvVarsInLog = 0;
		};
		3F8F9F6C51EC44CCBCB5EE05 /* Check Pods Manifest.lock */ = {
			isa = PBXShellScriptBuildPhase;
			buildActionMask = 2147483647;
			files = (
			);
			inputPaths = (
			);
			name = "Check Pods Manifest.lock";
			outputPaths = (
			);
			runOnlyForDeploymentPostprocessing = 0;
			shellPath = /bin/sh;
			shellScript = "diff \"${PODS_ROOT}/../Podfile.lock\" \"${PODS_ROOT}/Manifest.lock\" > /dev/null\nif [[ $? != 0 ]] ; then\n    cat << EOM\nerror: The sandbox is not in sync with the Podfile.lock. Run 'pod install' or update your CocoaPods installation.\nEOM\n    exit 1\nfi\n";
			showEnvVarsInLog = 0;
		};
		A98928A20849412EBC44158F /* Check Pods Manifest.lock */ = {
			isa = PBXShellScriptBuildPhase;
			buildActionMask = 2147483647;
			files = (
			);
			inputPaths = (
			);
			name = "Check Pods Manifest.lock";
			outputPaths = (
			);
			runOnlyForDeploymentPostprocessing = 0;
			shellPath = /bin/sh;
			shellScript = "diff \"${PODS_ROOT}/../Podfile.lock\" \"${PODS_ROOT}/Manifest.lock\" > /dev/null\nif [[ $? != 0 ]] ; then\n    cat << EOM\nerror: The sandbox is not in sync with the Podfile.lock. Run 'pod install' or update your CocoaPods installation.\nEOM\n    exit 1\nfi\n";
			showEnvVarsInLog = 0;
		};
/* End PBXShellScriptBuildPhase section */

/* Begin PBXSourcesBuildPhase section */
		543F1E8C18EAD6C800B4D0DB /* Sources */ = {
			isa = PBXSourcesBuildPhase;
			buildActionMask = 2147483647;
			files = (
				543F1EA418EAD6C800B4D0DB /* IGAppDelegate.m in Sources */,
				543F1EA018EAD6C800B4D0DB /* main.m in Sources */,
				543F1EAD18EAD6C800B4D0DB /* IGViewController.m in Sources */,
			);
			runOnlyForDeploymentPostprocessing = 0;
		};
		543F1EB018EAD6C800B4D0DB /* Sources */ = {
			isa = PBXSourcesBuildPhase;
			buildActionMask = 2147483647;
			files = (
				543F1F2418EAE86B00B4D0DB /* IGTidySpec.m in Sources */,
			);
			runOnlyForDeploymentPostprocessing = 0;
		};
/* End PBXSourcesBuildPhase section */

/* Begin PBXTargetDependency section */
		543F1EBA18EAD6C800B4D0DB /* PBXTargetDependency */ = {
			isa = PBXTargetDependency;
			target = 543F1E8F18EAD6C800B4D0DB /* IGTidy */;
			targetProxy = 543F1EB918EAD6C800B4D0DB /* PBXContainerItemProxy */;
		};
/* End PBXTargetDependency section */

/* Begin PBXVariantGroup section */
		543F1E9C18EAD6C800B4D0DB /* InfoPlist.strings */ = {
			isa = PBXVariantGroup;
			children = (
				543F1E9D18EAD6C800B4D0DB /* en */,
			);
			name = InfoPlist.strings;
			sourceTree = "<group>";
		};
		543F1EA518EAD6C800B4D0DB /* Main_iPhone.storyboard */ = {
			isa = PBXVariantGroup;
			children = (
				543F1EA618EAD6C800B4D0DB /* Base */,
			);
			name = Main_iPhone.storyboard;
			sourceTree = "<group>";
		};
		543F1EA818EAD6C800B4D0DB /* Main_iPad.storyboard */ = {
			isa = PBXVariantGroup;
			children = (
				543F1EA918EAD6C800B4D0DB /* Base */,
			);
			name = Main_iPad.storyboard;
			sourceTree = "<group>";
		};
		543F1EBE18EAD6C800B4D0DB /* InfoPlist.strings */ = {
			isa = PBXVariantGroup;
			children = (
				543F1EBF18EAD6C800B4D0DB /* en */,
			);
			name = InfoPlist.strings;
			sourceTree = "<group>";
		};
/* End PBXVariantGroup section */

/* Begin XCBuildConfiguration section */
		543F1EC318EAD6C800B4D0DB /* Debug */ = {
			isa = XCBuildConfiguration;
			buildSettings = {
				ALWAYS_SEARCH_USER_PATHS = NO;
				ARCHS = "$(ARCHS_STANDARD_INCLUDING_64_BIT)";
				CLANG_CXX_LANGUAGE_STANDARD = "gnu++0x";
				CLANG_CXX_LIBRARY = "libc++";
				CLANG_ENABLE_MODULES = YES;
				CLANG_ENABLE_OBJC_ARC = YES;
				CLANG_WARN_BOOL_CONVERSION = YES;
				CLANG_WARN_CONSTANT_CONVERSION = YES;
				CLANG_WARN_DIRECT_OBJC_ISA_USAGE = YES_ERROR;
				CLANG_WARN_EMPTY_BODY = YES;
				CLANG_WARN_ENUM_CONVERSION = YES;
				CLANG_WARN_INT_CONVERSION = YES;
				CLANG_WARN_OBJC_ROOT_CLASS = YES_ERROR;
				CLANG_WARN__DUPLICATE_METHOD_MATCH = YES;
				"CODE_SIGN_IDENTITY[sdk=iphoneos*]" = "iPhone Developer";
				COPY_PHASE_STRIP = NO;
				GCC_C_LANGUAGE_STANDARD = gnu99;
				GCC_DYNAMIC_NO_PIC = NO;
				GCC_OPTIMIZATION_LEVEL = 0;
				GCC_PREPROCESSOR_DEFINITIONS = (
					"DEBUG=1",
					"$(inherited)",
				);
				GCC_SYMBOLS_PRIVATE_EXTERN = NO;
				GCC_WARN_64_TO_32_BIT_CONVERSION = YES;
				GCC_WARN_ABOUT_RETURN_TYPE = YES_ERROR;
				GCC_WARN_UNDECLARED_SELECTOR = YES;
				GCC_WARN_UNINITIALIZED_AUTOS = YES;
				GCC_WARN_UNUSED_FUNCTION = YES;
				GCC_WARN_UNUSED_VARIABLE = YES;
				IPHONEOS_DEPLOYMENT_TARGET = 7.0;
				ONLY_ACTIVE_ARCH = YES;
				SDKROOT = iphoneos;
				TARGETED_DEVICE_FAMILY = "1,2";
			};
			name = Debug;
		};
		543F1EC418EAD6C800B4D0DB /* Release */ = {
			isa = XCBuildConfiguration;
			buildSettings = {
				ALWAYS_SEARCH_USER_PATHS = NO;
				ARCHS = "$(ARCHS_STANDARD_INCLUDING_64_BIT)";
				CLANG_CXX_LANGUAGE_STANDARD = "gnu++0x";
				CLANG_CXX_LIBRARY = "libc++";
				CLANG_ENABLE_MODULES = YES;
				CLANG_ENABLE_OBJC_ARC = YES;
				CLANG_WARN_BOOL_CONVERSION = YES;
				CLANG_WARN_CONSTANT_CONVERSION = YES;
				CLANG_WARN_DIRECT_OBJC_ISA_USAGE = YES_ERROR;
				CLANG_WARN_EMPTY_BODY = YES;
				CLANG_WARN_ENUM_CONVERSION = YES;
				CLANG_WARN_INT_CONVERSION = YES;
				CLANG_WARN_OBJC_ROOT_CLASS = YES_ERROR;
				CLANG_WARN__DUPLICATE_METHOD_MATCH = YES;
				"CODE_SIGN_IDENTITY[sdk=iphoneos*]" = "iPhone Developer";
				COPY_PHASE_STRIP = YES;
				ENABLE_NS_ASSERTIONS = NO;
				GCC_C_LANGUAGE_STANDARD = gnu99;
				GCC_WARN_64_TO_32_BIT_CONVERSION = YES;
				GCC_WARN_ABOUT_RETURN_TYPE = YES_ERROR;
				GCC_WARN_UNDECLARED_SELECTOR = YES;
				GCC_WARN_UNINITIALIZED_AUTOS = YES;
				GCC_WARN_UNUSED_FUNCTION = YES;
				GCC_WARN_UNUSED_VARIABLE = YES;
				IPHONEOS_DEPLOYMENT_TARGET = 7.0;
				SDKROOT = iphoneos;
				TARGETED_DEVICE_FAMILY = "1,2";
				VALIDATE_PRODUCT = YES;
			};
			name = Release;
		};
		543F1EC618EAD6C800B4D0DB /* Debug */ = {
			isa = XCBuildConfiguration;
			baseConfigurationReference = 8AB97A3DB0FB493E8D24020B /* Pods.xcconfig */;
			buildSettings = {
				ASSETCATALOG_COMPILER_APPICON_NAME = AppIcon;
				ASSETCATALOG_COMPILER_LAUNCHIMAGE_NAME = LaunchImage;
				GCC_PRECOMPILE_PREFIX_HEADER = YES;
				GCC_PREFIX_HEADER = "IGTidy/IGTidy-Prefix.pch";
				HEADER_SEARCH_PATHS = "$(inherited)";
				INFOPLIST_FILE = "IGTidy/IGTidy-Info.plist";
				PRODUCT_NAME = "$(TARGET_NAME)";
				WRAPPER_EXTENSION = app;
			};
			name = Debug;
		};
		543F1EC718EAD6C800B4D0DB /* Release */ = {
			isa = XCBuildConfiguration;
			baseConfigurationReference = 8AB97A3DB0FB493E8D24020B /* Pods.xcconfig */;
			buildSettings = {
				ASSETCATALOG_COMPILER_APPICON_NAME = AppIcon;
				ASSETCATALOG_COMPILER_LAUNCHIMAGE_NAME = LaunchImage;
				GCC_PRECOMPILE_PREFIX_HEADER = YES;
				GCC_PREFIX_HEADER = "IGTidy/IGTidy-Prefix.pch";
				HEADER_SEARCH_PATHS = "$(inherited)";
				INFOPLIST_FILE = "IGTidy/IGTidy-Info.plist";
				PRODUCT_NAME = "$(TARGET_NAME)";
				WRAPPER_EXTENSION = app;
			};
			name = Release;
		};
		543F1EC918EAD6C800B4D0DB /* Debug */ = {
			isa = XCBuildConfiguration;
			baseConfigurationReference = EF70AE6B90F341208F1A63A5 /* Pods-IGTidyTests.xcconfig */;
			buildSettings = {
				ARCHS = "$(ARCHS_STANDARD_INCLUDING_64_BIT)";
				BUNDLE_LOADER = "$(BUILT_PRODUCTS_DIR)/IGTidy.app/IGTidy";
				FRAMEWORK_SEARCH_PATHS = (
					"$(SDKROOT)/Developer/Library/Frameworks",
					"$(inherited)",
					"$(DEVELOPER_FRAMEWORKS_DIR)",
				);
				GCC_PRECOMPILE_PREFIX_HEADER = YES;
				GCC_PREFIX_HEADER = "IGTidy/IGTidy-Prefix.pch";
				GCC_PREPROCESSOR_DEFINITIONS = (
					"DEBUG=1",
					"$(inherited)",
				);
				INFOPLIST_FILE = "IGTidyTests/IGTidyTests-Info.plist";
				PRODUCT_NAME = "$(TARGET_NAME)";
				TEST_HOST = "$(BUNDLE_LOADER)";
				WRAPPER_EXTENSION = xctest;
			};
			name = Debug;
		};
		543F1ECA18EAD6C800B4D0DB /* Release */ = {
			isa = XCBuildConfiguration;
			baseConfigurationReference = EF70AE6B90F341208F1A63A5 /* Pods-IGTidyTests.xcconfig */;
			buildSettings = {
				ARCHS = "$(ARCHS_STANDARD_INCLUDING_64_BIT)";
				BUNDLE_LOADER = "$(BUILT_PRODUCTS_DIR)/IGTidy.app/IGTidy";
				FRAMEWORK_SEARCH_PATHS = (
					"$(SDKROOT)/Developer/Library/Frameworks",
					"$(inherited)",
					"$(DEVELOPER_FRAMEWORKS_DIR)",
				);
				GCC_PRECOMPILE_PREFIX_HEADER = YES;
				GCC_PREFIX_HEADER = "IGTidy/IGTidy-Prefix.pch";
				INFOPLIST_FILE = "IGTidyTests/IGTidyTests-Info.plist";
				PRODUCT_NAME = "$(TARGET_NAME)";
				TEST_HOST = "$(BUNDLE_LOADER)";
				WRAPPER_EXTENSION = xctest;
			};
			name = Release;
		};
/* End XCBuildConfiguration section */

/* Begin XCConfigurationList section */
		543F1E8B18EAD6C800B4D0DB /* Build configuration list for PBXProject "IGTidy" */ = {
			isa = XCConfigurationList;
			buildConfigurations = (
				543F1EC318EAD6C800B4D0DB /* Debug */,
				543F1EC418EAD6C800B4D0DB /* Release */,
			);
			defaultConfigurationIsVisible = 0;
			defaultConfigurationName = Release;
		};
		543F1EC518EAD6C800B4D0DB /* Build configuration list for PBXNativeTarget "IGTidy" */ = {
			isa = XCConfigurationList;
			buildConfigurations = (
				543F1EC618EAD6C800B4D0DB /* Debug */,
				543F1EC718EAD6C800B4D0DB /* Release */,
			);
			defaultConfigurationIsVisible = 0;
			defaultConfigurationName = Release;
		};
		543F1EC818EAD6C800B4D0DB /* Build configuration list for PBXNativeTarget "IGTidyTests" */ = {
			isa = XCConfigurationList;
			buildConfigurations = (
				543F1EC918EAD6C800B4D0DB /* Debug */,
				543F1ECA18EAD6C800B4D0DB /* Release */,
			);
			defaultConfigurationIsVisible = 0;
			defaultConfigurationName = Release;
		};
/* End XCConfigurationList section */
	};
	rootObject = 543F1E8818EAD6C800B4D0DB /* Project object */;
}
